{
  "name": "countdown",
  "version": "1.0.0",
  "lockfileVersion": 2,
  "requires": true,
  "packages": {
    "": {
      "name": "countdown",
      "version": "1.0.0",
      "license": "ISC",
      "dependencies": {
        "wtstore": "^0.0.7"
      }
    },
    "node_modules/rfdc": {
      "version": "1.3.0",
      "resolved": "https://registry.npmjs.org/rfdc/-/rfdc-1.3.0.tgz",
      "integrity": "sha512-V2hovdzFbOi77/WajaSMXk2OLm+xNIeQdMMuB7icj7bk6zi2F8GGAxigcnDFpJHbNyNcgyJDiP+8nOrY5cZGrA=="
    },
    "node_modules/wtstore": {
      "version": "0.0.7",
      "resolved": "https://registry.npmjs.org/wtstore/-/wtstore-0.0.7.tgz",
      "integrity": "sha512-pKXvz4dFnI/ZM+AR9fnVDdpB0Q+246q8gfuzHEZSb3WwaCisaNqluUsKhq7rWPpV5wT+dCP173flkqBQH3V/5Q==",
      "dependencies": {
        "rfdc": "^1.3.0"
      }
    }
  },
  "dependencies": {
    "rfdc": {
      "version": "1.3.0",
      "resolved": "https://registry.npmjs.org/rfdc/-/rfdc-1.3.0.tgz",
      "integrity": "sha512-V2hovdzFbOi77/WajaSMXk2OLm+xNIeQdMMuB7icj7bk6zi2F8GGAxigcnDFpJHbNyNcgyJDiP+8nOrY5cZGrA=="
    },
    "wtstore": {
      "version": "0.0.7",
      "resolved": "https://registry.npmjs.org/wtstore/-/wtstore-0.0.7.tgz",
      "integrity": "sha512-pKXvz4dFnI/ZM+AR9fnVDdpB0Q+246q8gfuzHEZSb3WwaCisaNqluUsKhq7rWPpV5wT+dCP173flkqBQH3V/5Q==",
      "requires": {
        "rfdc": "^1.3.0"
      }
    }
  }
}
