{
  "name": "todo-list",
  "version": "1.0.0",
  "lockfileVersion": 1,
  "requires": true,
  "dependencies": {
    "rfdc": {
      "version": "1.3.0",
      "resolved": "https://registry.npmjs.org/rfdc/-/rfdc-1.3.0.tgz",
      "integrity": "sha512-V2hovdzFbOi77/WajaSMXk2OLm+xNIeQdMMuB7icj7bk6zi2F8GGAxigcnDFpJHbNyNcgyJDiP+8nOrY5cZGrA=="
    },
    "wtstore": {
      "version": "0.0.5",
      "resolved": "https://registry.npmjs.org/wtstore/-/wtstore-0.0.5.tgz",
      "integrity": "sha512-ohAcO6+M/aaWsvGnKkNB/rmZE9HjuyeaPG6R4VHxBz0cCvf6QHJX5w5uUdx2nk0AdvONFh3iFD7IWj3pzmrkiw==",
      "requires": {
        "rfdc": "^1.3.0"
      }
    }
  }
}
