{
  "name": "todo-list",
  "version": "1.0.0",
  "lockfileVersion": 1,
  "requires": true,
  "dependencies": {
    "rfdc": {
      "version": "1.3.0",
      "resolved": "https://registry.npmjs.org/rfdc/-/rfdc-1.3.0.tgz",
      "integrity": "sha512-V2hovdzFbOi77/WajaSMXk2OLm+xNIeQdMMuB7icj7bk6zi2F8GGAxigcnDFpJHbNyNcgyJDiP+8nOrY5cZGrA=="
    },
    "wtstore": {
      "version": "0.0.6",
      "resolved": "https://registry.npmjs.org/wtstore/-/wtstore-0.0.6.tgz",
      "integrity": "sha512-f6Cp4iFdCkTbAtcrwLL3WQ6eZ0wLChBVISYhp9Jp6TEbT3Db2Ft/uIRVUTFwQZl/cD/qBlPCdmeQlNnILDA75Q==",
      "requires": {
        "rfdc": "^1.3.0"
      }
    }
  }
}
